// !$*UTF8*$!
{
	archiveVersion = 1;
	classes = {
	};
	objectVersion = 55;
	objects = {

/* Begin PBXBuildFile section */
		4037D12328D9C28C00E598A8 /* DownloaderClient.swift in Sources */ = {isa = PBXBuildFile; fileRef = 4037D12228D9C28C00E598A8 /* DownloaderClient.swift */; };
		4037D12528D9EEA700E598A8 /* FilmViewModel.swift in Sources */ = {isa = PBXBuildFile; fileRef = 4037D12428D9EEA700E598A8 /* FilmViewModel.swift */; };
		40EDE42E28D8AAA9009915EA /* FilmAppApp.swift in Sources */ = {isa = PBXBuildFile; fileRef = 40EDE42D28D8AAA9009915EA /* FilmAppApp.swift */; };
		40EDE43028D8AAA9009915EA /* ContentView.swift in Sources */ = {isa = PBXBuildFile; fileRef = 40EDE42F28D8AAA9009915EA /* ContentView.swift */; };
		40EDE43228D8AAAB009915EA /* Assets.xcassets in Resources */ = {isa = PBXBuildFile; fileRef = 40EDE43128D8AAAB009915EA /* Assets.xcassets */; };
		40EDE43528D8AAAB009915EA /* Preview Assets.xcassets in Resources */ = {isa = PBXBuildFile; fileRef = 40EDE43428D8AAAB009915EA /* Preview Assets.xcassets */; };
		40EDE44028D8AC22009915EA /* Film.swift in Sources */ = {isa = PBXBuildFile; fileRef = 40EDE43F28D8AC22009915EA /* Film.swift */; };
/* End PBXBuildFile section */

/* Begin PBXFileReference section */
		4037D12228D9C28C00E598A8 /* DownloaderClient.swift */ = {isa = PBXFileReference; lastKnownFileType = sourcecode.swift; path = DownloaderClient.swift; sourceTree = "<group>"; };
		4037D12428D9EEA700E598A8 /* FilmViewModel.swift */ = {isa = PBXFileReference; lastKnownFileType = sourcecode.swift; path = FilmViewModel.swift; sourceTree = "<group>"; };
		40EDE42A28D8AAA9009915EA /* FilmApp.app */ = {isa = PBXFileReference; explicitFileType = wrapper.application; includeInIndex = 0; path = FilmApp.app; sourceTree = BUILT_PRODUCTS_DIR; };
		40EDE42D28D8AAA9009915EA /* FilmAppApp.swift */ = {isa = PBXFileReference; lastKnownFileType = sourcecode.swift; path = FilmAppApp.swift; sourceTree = "<group>"; };
		40EDE42F28D8AAA9009915EA /* ContentView.swift */ = {isa = PBXFileReference; lastKnownFileType = sourcecode.swift; path = ContentView.swift; sourceTree = "<group>"; };
		40EDE43128D8AAAB009915EA /* Assets.xcassets */ = {isa = PBXFileReference; lastKnownFileType = folder.assetcatalog; path = Assets.xcassets; sourceTree = "<group>"; };
		40EDE43428D8AAAB009915EA /* Preview Assets.xcassets */ = {isa = PBXFileReference; lastKnownFileType = folder.assetcatalog; path = "Preview Assets.xcassets"; sourceTree = "<group>"; };
		40EDE43F28D8AC22009915EA /* Film.swift */ = {isa = PBXFileReference; lastKnownFileType = sourcecode.swift; path = Film.swift; sourceTree = "<group>"; };
/* End PBXFileReference section */

/* Begin PBXFrameworksBuildPhase section */
		40EDE42728D8AAA9009915EA /* Frameworks */ = {
			isa = PBXFrameworksBuildPhase;
			buildActionMask = 2147483647;
			files = (
			);
			runOnlyForDeploymentPostprocessing = 0;
		};
/* End PBXFrameworksBuildPhase section */

/* Begin PBXGroup section */
		4037D12128D9C22400E598A8 /* Service */ = {
			isa = PBXGroup;
			children = (
				4037D12228D9C28C00E598A8 /* DownloaderClient.swift */,
			);
			path = Service;
			sourceTree = "<group>";
		};
		40EDE42128D8AAA8009915EA = {
			isa = PBXGroup;
			children = (
				40EDE42C28D8AAA9009915EA /* FilmApp */,
				40EDE42B28D8AAA9009915EA /* Products */,
			);
			sourceTree = "<group>";
		};
		40EDE42B28D8AAA9009915EA /* Products */ = {
			isa = PBXGroup;
			children = (
				40EDE42A28D8AAA9009915EA /* FilmApp.app */,
			);
			name = Products;
			sourceTree = "<group>";
		};
		40EDE42C28D8AAA9009915EA /* FilmApp */ = {
			isa = PBXGroup;
			children = (
				4037D12128D9C22400E598A8 /* Service */,
				40EDE43E28D8AAE0009915EA /* App */,
				40EDE43D28D8AABF009915EA /* View */,
				40EDE43C28D8AAB6009915EA /* ViewModel */,
				40EDE43B28D8AAAF009915EA /* Model */,
				40EDE43128D8AAAB009915EA /* Assets.xcassets */,
				40EDE43328D8AAAB009915EA /* Preview Content */,
			);
			path = FilmApp;
			sourceTree = "<group>";
		};
		40EDE43328D8AAAB009915EA /* Preview Content */ = {
			isa = PBXGroup;
			children = (
				40EDE43428D8AAAB009915EA /* Preview Assets.xcassets */,
			);
			path = "Preview Content";
			sourceTree = "<group>";
		};
		40EDE43B28D8AAAF009915EA /* Model */ = {
			isa = PBXGroup;
			children = (
				40EDE43F28D8AC22009915EA /* Film.swift */,
			);
			path = Model;
			sourceTree = "<group>";
		};
		40EDE43C28D8AAB6009915EA /* ViewModel */ = {
			isa = PBXGroup;
			children = (
				4037D12428D9EEA700E598A8 /* FilmViewModel.swift */,
			);
			path = ViewModel;
			sourceTree = "<group>";
		};
		40EDE43D28D8AABF009915EA /* View */ = {
			isa = PBXGroup;
			children = (
				40EDE42F28D8AAA9009915EA /* ContentView.swift */,
			);
			path = View;
			sourceTree = "<group>";
		};
		40EDE43E28D8AAE0009915EA /* App */ = {
			isa = PBXGroup;
			children = (
				40EDE42D28D8AAA9009915EA /* FilmAppApp.swift */,
			);
			path = App;
			sourceTree = "<group>";
		};
/* End PBXGroup section */

/* Begin PBXNativeTarget section */
		40EDE42928D8AAA9009915EA /* FilmApp */ = {
			isa = PBXNativeTarget;
			buildConfigurationList = 40EDE43828D8AAAB009915EA /* Build configuration list for PBXNativeTarget "FilmApp" */;
			buildPhases = (
				40EDE42628D8AAA9009915EA /* Sources */,
				40EDE42728D8AAA9009915EA /* Frameworks */,
				40EDE42828D8AAA9009915EA /* Resources */,
			);
			buildRules = (
			);
			dependencies = (
			);
			name = FilmApp;
			productName = FilmApp;
			productReference = 40EDE42A28D8AAA9009915EA /* FilmApp.app */;
			productType = "com.apple.product-type.application";
		};
/* End PBXNativeTarget section */

/* Begin PBXProject section */
		40EDE42228D8AAA8009915EA /* Project object */ = {
			isa = PBXProject;
			attributes = {
				BuildIndependentTargetsInParallel = 1;
				LastSwiftUpdateCheck = 1340;
				LastUpgradeCheck = 1340;
				TargetAttributes = {
					40EDE42928D8AAA9009915EA = {
						CreatedOnToolsVersion = 13.4.1;
					};
				};
			};
			buildConfigurationList = 40EDE42528D8AAA8009915EA /* Build configuration list for PBXProject "FilmApp" */;
			compatibilityVersion = "Xcode 13.0";
			developmentRegion = en;
			hasScannedForEncodings = 0;
			knownRegions = (
				en,
				Base,
			);
			mainGroup = 40EDE42128D8AAA8009915EA;
			productRefGroup = 40EDE42B28D8AAA9009915EA /* Products */;
			projectDirPath = "";
			projectRoot = "";
			targets = (
				40EDE42928D8AAA9009915EA /* FilmApp */,
			);
		};
/* End PBXProject section */

/* Begin PBXResourcesBuildPhase section */
		40EDE42828D8AAA9009915EA /* Resources */ = {
			isa = PBXResourcesBuildPhase;
			buildActionMask = 2147483647;
			files = (
				40EDE43528D8AAAB009915EA /* Preview Assets.xcassets in Resources */,
				40EDE43228D8AAAB009915EA /* Assets.xcassets in Resources */,
			);
			runOnlyForDeploymentPostprocessing = 0;
		};
/* End PBXResourcesBuildPhase section */

/* Begin PBXSourcesBuildPhase section */
		40EDE42628D8AAA9009915EA /* Sources */ = {
			isa = PBXSourcesBuildPhase;
			buildActionMask = 2147483647;
			files = (
				40EDE43028D8AAA9009915EA /* ContentView.swift in Sources */,
				40EDE44028D8AC22009915EA /* Film.swift in Sources */,
				4037D12528D9EEA700E598A8 /* FilmViewModel.swift in Sources */,
				40EDE42E28D8AAA9009915EA /* FilmAppApp.swift in Sources */,
				4037D12328D9C28C00E598A8 /* DownloaderClient.swift in Sources */,
			);
			runOnlyForDeploymentPostprocessing = 0;
		};
/* End PBXSourcesBuildPhase section */

/* Begin XCBuildConfiguration section */
		40EDE43628D8AAAB009915EA /* Debug */ = {
			isa = XCBuildConfiguration;
			buildSettings = {
				ALWAYS_SEARCH_USER_PATHS = NO;
				CLANG_ANALYZER_NONNULL = YES;
				CLANG_ANALYZER_NUMBER_OBJECT_CONVERSION = YES_AGGRESSIVE;
				CLANG_CXX_LANGUAGE_STANDARD = "gnu++17";
				CLANG_ENABLE_MODULES = YES;
				CLANG_ENABLE_OBJC_ARC = YES;
				CLANG_ENABLE_OBJC_WEAK = YES;
				CLANG_WARN_BLOCK_CAPTURE_AUTORELEASING = YES;
				CLANG_WARN_BOOL_CONVERSION = YES;
				CLANG_WARN_COMMA = YES;
				CLANG_WARN_CONSTANT_CONVERSION = YES;
				CLANG_WARN_DEPRECATED_OBJC_IMPLEMENTATIONS = YES;
				CLANG_WARN_DIRECT_OBJC_ISA_USAGE = YES_ERROR;
				CLANG_WARN_DOCUMENTATION_COMMENTS = YES;
				CLANG_WARN_EMPTY_BODY = YES;
				CLANG_WARN_ENUM_CONVERSION = YES;
				CLANG_WARN_INFINITE_RECURSION = YES;
				CLANG_WARN_INT_CONVERSION = YES;
				CLANG_WARN_NON_LITERAL_NULL_CONVERSION = YES;
				CLANG_WARN_OBJC_IMPLICIT_RETAIN_SELF = YES;
				CLANG_WARN_OBJC_LITERAL_CONVERSION = YES;
				CLANG_WARN_OBJC_ROOT_CLASS = YES_ERROR;
				CLANG_WARN_QUOTED_INCLUDE_IN_FRAMEWORK_HEADER = YES;
				CLANG_WARN_RANGE_LOOP_ANALYSIS = YES;
				CLANG_WARN_STRICT_PROTOTYPES = YES;
				CLANG_WARN_SUSPICIOUS_MOVE = YES;
				CLANG_WARN_UNGUARDED_AVAILABILITY = YES_AGGRESSIVE;
				CLANG_WARN_UNREACHABLE_CODE = YES;
				CLANG_WARN__DUPLICATE_METHOD_MATCH = YES;
				COPY_PHASE_STRIP = NO;
				DEBUG_INFORMATION_FORMAT = dwarf;
				ENABLE_STRICT_OBJC_MSGSEND = YES;
				ENABLE_TESTABILITY = YES;
				GCC_C_LANGUAGE_STANDARD = gnu11;
				GCC_DYNAMIC_NO_PIC = NO;
				GCC_NO_COMMON_BLOCKS = YES;
				GCC_OPTIMIZATION_LEVEL = 0;
				GCC_PREPROCESSOR_DEFINITIONS = (
					"DEBUG=1",
					"$(inherited)",
				);
				GCC_WARN_64_TO_32_BIT_CONVERSION = YES;
				GCC_WARN_ABOUT_RETURN_TYPE = YES_ERROR;
				GCC_WARN_UNDECLARED_SELECTOR = YES;
				GCC_WARN_UNINITIALIZED_AUTOS = YES_AGGRESSIVE;
				GCC_WARN_UNUSED_FUNCTION = YES;
				GCC_WARN_UNUSED_VARIABLE = YES;
				IPHONEOS_DEPLOYMENT_TARGET = 15.5;
				MTL_ENABLE_DEBUG_INFO = INCLUDE_SOURCE;
				MTL_FAST_MATH = YES;
				ONLY_ACTIVE_ARCH = YES;
				SDKROOT = iphoneos;
				SWIFT_ACTIVE_COMPILATION_CONDITIONS = DEBUG;
				SWIFT_OPTIMIZATION_LEVEL = "-Onone";
			};
			name = Debug;
		};
		40EDE43728D8AAAB009915EA /* Release */ = {
			isa = XCBuildConfiguration;
			buildSettings = {
				ALWAYS_SEARCH_USER_PATHS = NO;
				CLANG_ANALYZER_NONNULL = YES;
				CLANG_ANALYZER_NUMBER_OBJECT_CONVERSION = YES_AGGRESSIVE;
				CLANG_CXX_LANGUAGE_STANDARD = "gnu++17";
				CLANG_ENABLE_MODULES = YES;
				CLANG_ENABLE_OBJC_ARC = YES;
				CLANG_ENABLE_OBJC_WEAK = YES;
				CLANG_WARN_BLOCK_CAPTURE_AUTORELEASING = YES;
				CLANG_WARN_BOOL_CONVERSION = YES;
				CLANG_WARN_COMMA = YES;
				CLANG_WARN_CONSTANT_CONVERSION = YES;
				CLANG_WARN_DEPRECATED_OBJC_IMPLEMENTATIONS = YES;
				CLANG_WARN_DIRECT_OBJC_ISA_USAGE = YES_ERROR;
				CLANG_WARN_DOCUMENTATION_COMMENTS = YES;
				CLANG_WARN_EMPTY_BODY = YES;
				CLANG_WARN_ENUM_CONVERSION = YES;
				CLANG_WARN_INFINITE_RECURSION = YES;
				CLANG_WARN_INT_CONVERSION = YES;
				CLANG_WARN_NON_LITERAL_NULL_CONVERSION = YES;
				CLANG_WARN_OBJC_IMPLICIT_RETAIN_SELF = YES;
				CLANG_WARN_OBJC_LITERAL_CONVERSION = YES;
				CLANG_WARN_OBJC_ROOT_CLASS = YES_ERROR;
				CLANG_WARN_QUOTED_INCLUDE_IN_FRAMEWORK_HEADER = YES;
				CLANG_WARN_RANGE_LOOP_ANALYSIS = YES;
				CLANG_WARN_STRICT_PROTOTYPES = YES;
				CLANG_WARN_SUSPICIOUS_MOVE = YES;
				CLANG_WARN_UNGUARDED_AVAILABILITY = YES_AGGRESSIVE;
				CLANG_WARN_UNREACHABLE_CODE = YES;
				CLANG_WARN__DUPLICATE_METHOD_MATCH = YES;
				COPY_PHASE_STRIP = NO;
				DEBUG_INFORMATION_FORMAT = "dwarf-with-dsym";
				ENABLE_NS_ASSERTIONS = NO;
				ENABLE_STRICT_OBJC_MSGSEND = YES;
				GCC_C_LANGUAGE_STANDARD = gnu11;
				GCC_NO_COMMON_BLOCKS = YES;
				GCC_WARN_64_TO_32_BIT_CONVERSION = YES;
				GCC_WARN_ABOUT_RETURN_TYPE = YES_ERROR;
				GCC_WARN_UNDECLARED_SELECTOR = YES;
				GCC_WARN_UNINITIALIZED_AUTOS = YES_AGGRESSIVE;
				GCC_WARN_UNUSED_FUNCTION = YES;
				GCC_WARN_UNUSED_VARIABLE = YES;
				IPHONEOS_DEPLOYMENT_TARGET = 15.5;
				MTL_ENABLE_DEBUG_INFO = NO;
				MTL_FAST_MATH = YES;
				SDKROOT = iphoneos;
				SWIFT_COMPILATION_MODE = wholemodule;
				SWIFT_OPTIMIZATION_LEVEL = "-O";
				VALIDATE_PRODUCT = YES;
			};
			name = Release;
		};
		40EDE43928D8AAAB009915EA /* Debug */ = {
			isa = XCBuildConfiguration;
			buildSettings = {
				ASSETCATALOG_COMPILER_APPICON_NAME = AppIcon;
				ASSETCATALOG_COMPILER_GLOBAL_ACCENT_COLOR_NAME = AccentColor;
				CODE_SIGN_STYLE = Automatic;
				CURRENT_PROJECT_VERSION = 1;
				DEVELOPMENT_ASSET_PATHS = "\"FilmApp/Preview Content\"";
				DEVELOPMENT_TEAM = 32UYWBQW54;
				ENABLE_PREVIEWS = YES;
				GENERATE_INFOPLIST_FILE = YES;
				INFOPLIST_KEY_UIApplicationSceneManifest_Generation = YES;
				INFOPLIST_KEY_UIApplicationSupportsIndirectInputEvents = YES;
				INFOPLIST_KEY_UILaunchScreen_Generation = YES;
				INFOPLIST_KEY_UISupportedInterfaceOrientations_iPad = "UIInterfaceOrientationPortrait UIInterfaceOrientationPortraitUpsideDown UIInterfaceOrientationLandscapeLeft UIInterfaceOrientationLandscapeRight";
				INFOPLIST_KEY_UISupportedInterfaceOrientations_iPhone = "UIInterfaceOrientationPortrait UIInterfaceOrientationLandscapeLeft UIInterfaceOrientationLandscapeRight";
				LD_RUNPATH_SEARCH_PATHS = (
					"$(inherited)",
					"@executable_path/Frameworks",
				);
				MARKETING_VERSION = 1.0;
				PRODUCT_BUNDLE_IDENTIFIER = hasanuysal.FilmApp;
				PRODUCT_NAME = "$(TARGET_NAME)";
				SWIFT_EMIT_LOC_STRINGS = YES;
				SWIFT_VERSION = 5.0;
				TARGETED_DEVICE_FAMILY = "1,2";
			};
			name = Debug;
		};
		40EDE43A28D8AAAB009915EA /* Release */ = {
			isa = XCBuildConfiguration;
			buildSettings = {
				ASSETCATALOG_COMPILER_APPICON_NAME = AppIcon;
				ASSETCATALOG_COMPILER_GLOBAL_ACCENT_COLOR_NAME = AccentColor;
				CODE_SIGN_STYLE = Automatic;
				CURRENT_PROJECT_VERSION = 1;
				DEVELOPMENT_ASSET_PATHS = "\"FilmApp/Preview Content\"";
				DEVELOPMENT_TEAM = 32UYWBQW54;
				ENABLE_PREVIEWS = YES;
				GENERATE_INFOPLIST_FILE = YES;
				INFOPLIST_KEY_UIApplicationSceneManifest_Generation = YES;
				INFOPLIST_KEY_UIApplicationSupportsIndirectInputEvents = YES;
				INFOPLIST_KEY_UILaunchScreen_Generation = YES;
				INFOPLIST_KEY_UISupportedInterfaceOrientations_iPad = "UIInterfaceOrientationPortrait UIInterfaceOrientationPortraitUpsideDown UIInterfaceOrientationLandscapeLeft UIInterfaceOrientationLandscapeRight";
				INFOPLIST_KEY_UISupportedInterfaceOrientations_iPhone = "UIInterfaceOrientationPortrait UIInterfaceOrientationLandscapeLeft UIInterfaceOrientationLandscapeRight";
				LD_RUNPATH_SEARCH_PATHS = (
					"$(inherited)",
					"@executable_path/Frameworks",
				);
				MARKETING_VERSION = 1.0;
				PRODUCT_BUNDLE_IDENTIFIER = hasanuysal.FilmApp;
				PRODUCT_NAME = "$(TARGET_NAME)";
				SWIFT_EMIT_LOC_STRINGS = YES;
				SWIFT_VERSION = 5.0;
				TARGETED_DEVICE_FAMILY = "1,2";
			};
			name = Release;
		};
/* End XCBuildConfiguration section */

/* Begin XCConfigurationList section */
		40EDE42528D8AAA8009915EA /* Build configuration list for PBXProject "FilmApp" */ = {
			isa = XCConfigurationList;
			buildConfigurations = (
				40EDE43628D8AAAB009915EA /* Debug */,
				40EDE43728D8AAAB009915EA /* Release */,
			);
			defaultConfigurationIsVisible = 0;
			defaultConfigurationName = Release;
		};
		40EDE43828D8AAAB009915EA /* Build configuration list for PBXNativeTarget "FilmApp" */ = {
			isa = XCConfigurationList;
			buildConfigurations = (
				40EDE43928D8AAAB009915EA /* Debug */,
				40EDE43A28D8AAAB009915EA /* Release */,
			);
			defaultConfigurationIsVisible = 0;
			defaultConfigurationName = Release;
		};
/* End XCConfigurationList section */
	};
	rootObject = 40EDE42228D8AAA8009915EA /* Project object */;
}
